
Microsoft Visual Studio Solution File, Format Version 12.00
# Visual Studio Version 16
VisualStudioVersion = 16.0.36227.6
MinimumVisualStudioVersion = 10.0.40219.1
Project("{FAE04EC0-301F-11D3-BF4B-00C04F79EFBC}") = "AChat Full.Android", "AChat Full\AChat Full.Android\AChat Full.Android.csproj", "{9E2430B7-73DF-4D4E-BA84-F2C95172B274}"
EndProject
Project("{FAE04EC0-301F-11D3-BF4B-00C04F79EFBC}") = "AChat Full.iOS", "AChat Full\AChat Full.iOS\AChat Full.iOS.csproj", "{03D52B0D-9FBF-4D4E-BB9A-65D4E9B4DB2F}"
EndProject
Project("{FAE04EC0-301F-11D3-BF4B-00C04F79EFBC}") = "AChat Full", "AChat Full\AChat Full\AChat Full.csproj", "{5F17BE78-397F-4249-9639-10BC971EDA94}"
EndProject
Global
	GlobalSection(SolutionConfigurationPlatforms) = preSolution
		Debug|Any CPU = Debug|Any CPU
		Debug|iPhone = Debug|iPhone
		Debug|iPhoneSimulator = Debug|iPhoneSimulator
		Release|Any CPU = Release|Any CPU
		Release|iPhone = Release|iPhone
		Release|iPhoneSimulator = Release|iPhoneSimulator
	EndGlobalSection
	GlobalSection(ProjectConfigurationPlatforms) = postSolution
		{9E2430B7-73DF-4D4E-BA84-F2C95172B274}.Debug|Any CPU.ActiveCfg = Debug|Any CPU
		{9E2430B7-73DF-4D4E-BA84-F2C95172B274}.Debug|Any CPU.Build.0 = Debug|Any CPU
		{9E2430B7-73DF-4D4E-BA84-F2C95172B274}.Debug|Any CPU.Deploy.0 = Debug|Any CPU
		{9E2430B7-73DF-4D4E-BA84-F2C95172B274}.Debug|iPhone.ActiveCfg = Debug|Any CPU
		{9E2430B7-73DF-4D4E-BA84-F2C95172B274}.Debug|iPhone.Build.0 = Debug|Any CPU
		{9E2430B7-73DF-4D4E-BA84-F2C95172B274}.Debug|iPhone.Deploy.0 = Debug|Any CPU
		{9E2430B7-73DF-4D4E-BA84-F2C95172B274}.Debug|iPhoneSimulator.ActiveCfg = Debug|Any CPU
		{9E2430B7-73DF-4D4E-BA84-F2C95172B274}.Debug|iPhoneSimulator.Build.0 = Debug|Any CPU
		{9E2430B7-73DF-4D4E-BA84-F2C95172B274}.Debug|iPhoneSimulator.Deploy.0 = Debug|Any CPU
		{9E2430B7-73DF-4D4E-BA84-F2C95172B274}.Release|Any CPU.ActiveCfg = Release|Any CPU
		{9E2430B7-73DF-4D4E-BA84-F2C95172B274}.Release|Any CPU.Build.0 = Release|Any CPU
		{9E2430B7-73DF-4D4E-BA84-F2C95172B274}.Release|Any CPU.Deploy.0 = Release|Any CPU
		{9E2430B7-73DF-4D4E-BA84-F2C95172B274}.Release|iPhone.ActiveCfg = Release|Any CPU
		{9E2430B7-73DF-4D4E-BA84-F2C95172B274}.Release|iPhone.Build.0 = Release|Any CPU
		{9E2430B7-73DF-4D4E-BA84-F2C95172B274}.Release|iPhone.Deploy.0 = Release|Any CPU
		{9E2430B7-73DF-4D4E-BA84-F2C95172B274}.Release|iPhoneSimulator.ActiveCfg = Release|Any CPU
		{9E2430B7-73DF-4D4E-BA84-F2C95172B274}.Release|iPhoneSimulator.Build.0 = Release|Any CPU
		{9E2430B7-73DF-4D4E-BA84-F2C95172B274}.Release|iPhoneSimulator.Deploy.0 = Release|Any CPU
		{03D52B0D-9FBF-4D4E-BB9A-65D4E9B4DB2F}.Debug|Any CPU.ActiveCfg = Debug|iPhone
		{03D52B0D-9FBF-4D4E-BB9A-65D4E9B4DB2F}.Debug|Any CPU.Build.0 = Debug|iPhone
		{03D52B0D-9FBF-4D4E-BB9A-65D4E9B4DB2F}.Debug|Any CPU.Deploy.0 = Debug|iPhone
		{03D52B0D-9FBF-4D4E-BB9A-65D4E9B4DB2F}.Debug|iPhone.ActiveCfg = Debug|iPhone
		{03D52B0D-9FBF-4D4E-BB9A-65D4E9B4DB2F}.Debug|iPhone.Build.0 = Debug|iPhone
		{03D52B0D-9FBF-4D4E-BB9A-65D4E9B4DB2F}.Debug|iPhone.Deploy.0 = Debug|iPhone
		{03D52B0D-9FBF-4D4E-BB9A-65D4E9B4DB2F}.Debug|iPhoneSimulator.ActiveCfg = Debug|iPhoneSimulator
		{03D52B0D-9FBF-4D4E-BB9A-65D4E9B4DB2F}.Debug|iPhoneSimulator.Build.0 = Debug|iPhoneSimulator
		{03D52B0D-9FBF-4D4E-BB9A-65D4E9B4DB2F}.Debug|iPhoneSimulator.Deploy.0 = Debug|iPhoneSimulator
		{03D52B0D-9FBF-4D4E-BB9A-65D4E9B4DB2F}.Release|Any CPU.ActiveCfg = Release|iPhoneSimulator
		{03D52B0D-9FBF-4D4E-BB9A-65D4E9B4DB2F}.Release|Any CPU.Build.0 = Release|iPhoneSimulator
		{03D52B0D-9FBF-4D4E-BB9A-65D4E9B4DB2F}.Release|Any CPU.Deploy.0 = Release|iPhoneSimulator
		{03D52B0D-9FBF-4D4E-BB9A-65D4E9B4DB2F}.Release|iPhone.ActiveCfg = Release|iPhone
		{03D52B0D-9FBF-4D4E-BB9A-65D4E9B4DB2F}.Release|iPhone.Build.0 = Release|iPhone
		{03D52B0D-9FBF-4D4E-BB9A-65D4E9B4DB2F}.Release|iPhone.Deploy.0 = Release|iPhone
		{03D52B0D-9FBF-4D4E-BB9A-65D4E9B4DB2F}.Release|iPhoneSimulator.ActiveCfg = Release|iPhoneSimulator
		{03D52B0D-9FBF-4D4E-BB9A-65D4E9B4DB2F}.Release|iPhoneSimulator.Build.0 = Release|iPhoneSimulator
		{03D52B0D-9FBF-4D4E-BB9A-65D4E9B4DB2F}.Release|iPhoneSimulator.Deploy.0 = Release|iPhoneSimulator
		{5F17BE78-397F-4249-9639-10BC971EDA94}.Debug|Any CPU.ActiveCfg = Debug|Any CPU
		{5F17BE78-397F-4249-9639-10BC971EDA94}.Debug|Any CPU.Build.0 = Debug|Any CPU
		{5F17BE78-397F-4249-9639-10BC971EDA94}.Debug|Any CPU.Deploy.0 = Debug|Any CPU
		{5F17BE78-397F-4249-9639-10BC971EDA94}.Debug|iPhone.ActiveCfg = Debug|Any CPU
		{5F17BE78-397F-4249-9639-10BC971EDA94}.Debug|iPhone.Build.0 = Debug|Any CPU
		{5F17BE78-397F-4249-9639-10BC971EDA94}.Debug|iPhone.Deploy.0 = Debug|Any CPU
		{5F17BE78-397F-4249-9639-10BC971EDA94}.Debug|iPhoneSimulator.ActiveCfg = Debug|Any CPU
		{5F17BE78-397F-4249-9639-10BC971EDA94}.Debug|iPhoneSimulator.Build.0 = Debug|Any CPU
		{5F17BE78-397F-4249-9639-10BC971EDA94}.Debug|iPhoneSimulator.Deploy.0 = Debug|Any CPU
		{5F17BE78-397F-4249-9639-10BC971EDA94}.Release|Any CPU.ActiveCfg = Release|Any CPU
		{5F17BE78-397F-4249-9639-10BC971EDA94}.Release|Any CPU.Build.0 = Release|Any CPU
		{5F17BE78-397F-4249-9639-10BC971EDA94}.Release|Any CPU.Deploy.0 = Release|Any CPU
		{5F17BE78-397F-4249-9639-10BC971EDA94}.Release|iPhone.ActiveCfg = Release|Any CPU
		{5F17BE78-397F-4249-9639-10BC971EDA94}.Release|iPhone.Build.0 = Release|Any CPU
		{5F17BE78-397F-4249-9639-10BC971EDA94}.Release|iPhone.Deploy.0 = Release|Any CPU
		{5F17BE78-397F-4249-9639-10BC971EDA94}.Release|iPhoneSimulator.ActiveCfg = Release|Any CPU
		{5F17BE78-397F-4249-9639-10BC971EDA94}.Release|iPhoneSimulator.Build.0 = Release|Any CPU
		{5F17BE78-397F-4249-9639-10BC971EDA94}.Release|iPhoneSimulator.Deploy.0 = Release|Any CPU
	EndGlobalSection
	GlobalSection(SolutionProperties) = preSolution
		HideSolutionNode = FALSE
	EndGlobalSection
	GlobalSection(ExtensibilityGlobals) = postSolution
		SolutionGuid = {4ECDD182-BFA5-4907-83E1-365ABB7EDEEF}
	EndGlobalSection
EndGlobal
